// !$*UTF8*$!
{
	archiveVersion = 1;
	classes = {
	};
	objectVersion = 50;
	objects = {

/* Begin PBXBuildFile section */
		83FC2770D848D8521FD1FC92 /* Pods_HellowMyFriends.framework in Frameworks */ = {isa = PBXBuildFile; fileRef = 5613D935B1DC19CA136EF5A3 /* Pods_HellowMyFriends.framework */; };
		C600900022C88CC900F93F8D /* HeartViewController.swift in Sources */ = {isa = PBXBuildFile; fileRef = C6008FFF22C88CC900F93F8D /* HeartViewController.swift */; };
		C608C2D722B4C71100C595E8 /* SIgnInViewController.swift in Sources */ = {isa = PBXBuildFile; fileRef = C608C2D622B4C71100C595E8 /* SIgnInViewController.swift */; };
		C60A5BD9226FF2CE00299FC6 /* HomePageViewController.swift in Sources */ = {isa = PBXBuildFile; fileRef = C60A5BD8226FF2CE00299FC6 /* HomePageViewController.swift */; };
		C61E7D0122D1E41F00473FA6 /* OpenSegueAnimation.swift in Sources */ = {isa = PBXBuildFile; fileRef = C61E7D0022D1E41F00473FA6 /* OpenSegueAnimation.swift */; };
		C64882BB22BBE4C900D0CB9E /* PostMessageViewController.swift in Sources */ = {isa = PBXBuildFile; fileRef = C64882BA22BBE4C900D0CB9E /* PostMessageViewController.swift */; };
		C64882BF22BBE6A500D0CB9E /* ReisterViewController.swift in Sources */ = {isa = PBXBuildFile; fileRef = C64882BE22BBE6A400D0CB9E /* ReisterViewController.swift */; };
		C64D914622BF9152002A7F2F /* CoreDataHelper.swift in Sources */ = {isa = PBXBuildFile; fileRef = C64D914522BF9152002A7F2F /* CoreDataHelper.swift */; };
		C64D914922BF918E002A7F2F /* DataModel.xcdatamodeld in Sources */ = {isa = PBXBuildFile; fileRef = C64D914722BF918E002A7F2F /* DataModel.xcdatamodeld */; };
		C65A131922B88F36002C2881 /* HomePage.storyboard in Resources */ = {isa = PBXBuildFile; fileRef = C65A131822B88F36002C2881 /* HomePage.storyboard */; };
		C65A132022B89514002C2881 /* CustomCellTableViewCell.swift in Sources */ = {isa = PBXBuildFile; fileRef = C65A131F22B89514002C2881 /* CustomCellTableViewCell.swift */; };
		C65A132222B8AB9D002C2881 /* background 2.jpg in Resources */ = {isa = PBXBuildFile; fileRef = C65A132122B8AB9D002C2881 /* background 2.jpg */; };
		C65EB18422B6458F0093AAC6 /* MessageViewController.swift in Sources */ = {isa = PBXBuildFile; fileRef = C65EB18322B6458F0093AAC6 /* MessageViewController.swift */; };
		C65EB18822B64F960093AAC6 /* MemberCenter.storyboard in Resources */ = {isa = PBXBuildFile; fileRef = C65EB18722B64F960093AAC6 /* MemberCenter.storyboard */; };
		C65F50BF22C1E71F00CAB067 /* PhotoCollectionViewCell.swift in Sources */ = {isa = PBXBuildFile; fileRef = C65F50BE22C1E71F00CAB067 /* PhotoCollectionViewCell.swift */; };
		C65F50C522C22B5200CAB067 /* GoogleService-Info.plist in Resources */ = {isa = PBXBuildFile; fileRef = C65F50C422C22B5200CAB067 /* GoogleService-Info.plist */; };
		C65F50C722C22DEE00CAB067 /* first.png in Resources */ = {isa = PBXBuildFile; fileRef = C65F50C622C22DEE00CAB067 /* first.png */; };
		C65F50C922C22E2D00CAB067 /* register.png in Resources */ = {isa = PBXBuildFile; fileRef = C65F50C822C22E2D00CAB067 /* register.png */; };
		C65F50CD22C22E8400CAB067 /* reset.png in Resources */ = {isa = PBXBuildFile; fileRef = C65F50CC22C22E8300CAB067 /* reset.png */; };
		C65F510B22C5D26C00CAB067 /* EditPostViewController.swift in Sources */ = {isa = PBXBuildFile; fileRef = C65F510A22C5D26B00CAB067 /* EditPostViewController.swift */; };
		C676073322D05AEC00848AFF /* ViewController.swift in Sources */ = {isa = PBXBuildFile; fileRef = C676073222D05AEB00848AFF /* ViewController.swift */; };
		C67AF9AC22ABAF44001E51E4 /* MemberViewController.swift in Sources */ = {isa = PBXBuildFile; fileRef = C67AF9AB22ABAF44001E51E4 /* MemberViewController.swift */; };
		C6A897FD22AF8970008C7BF5 /* member.png in Resources */ = {isa = PBXBuildFile; fileRef = C6A897FB22AF896F008C7BF5 /* member.png */; };
		C6A897FE22AF8970008C7BF5 /* background.jpg in Resources */ = {isa = PBXBuildFile; fileRef = C6A897FC22AF896F008C7BF5 /* background.jpg */; };
		C6B0574C22BB5AA600D00761 /* Database.swift in Sources */ = {isa = PBXBuildFile; fileRef = C6B0574B22BB5AA600D00761 /* Database.swift */; };
		C6CF777B22CD1B04004FFE6C /* photoImage.png in Resources */ = {isa = PBXBuildFile; fileRef = C6CF777A22CD1B03004FFE6C /* photoImage.png */; };
		C6D3C39722CF2CF4008043A7 /* FullViewController.swift in Sources */ = {isa = PBXBuildFile; fileRef = C6D3C39622CF2CF4008043A7 /* FullViewController.swift */; };
		C6EC218222B15A8E00D6C2C4 /* ResetPasswordViewController.swift in Sources */ = {isa = PBXBuildFile; fileRef = C6EC218122B15A8E00D6C2C4 /* ResetPasswordViewController.swift */; };
		C6EE2DFF22BFB8F900844D38 /* PostViewController.swift in Sources */ = {isa = PBXBuildFile; fileRef = C6EE2DFE22BFB8F900844D38 /* PostViewController.swift */; };
		C6F3F487227C557400D4F246 /* function.swift in Sources */ = {isa = PBXBuildFile; fileRef = C6F3F486227C557400D4F246 /* function.swift */; };
		C6F65687226F14EF00706BEA /* AppDelegate.swift in Sources */ = {isa = PBXBuildFile; fileRef = C6F65686226F14EF00706BEA /* AppDelegate.swift */; };
		C6F6568C226F14EF00706BEA /* Main.storyboard in Resources */ = {isa = PBXBuildFile; fileRef = C6F6568A226F14EF00706BEA /* Main.storyboard */; };
		C6F6568E226F14F000706BEA /* Assets.xcassets in Resources */ = {isa = PBXBuildFile; fileRef = C6F6568D226F14F000706BEA /* Assets.xcassets */; };
		C6F65691226F14F000706BEA /* LaunchScreen.storyboard in Resources */ = {isa = PBXBuildFile; fileRef = C6F6568F226F14F000706BEA /* LaunchScreen.storyboard */; };
/* End PBXBuildFile section */

/* Begin PBXFileReference section */
		38C315E62EB3F4D5A78B5532 /* Pods-HellowMyFriends.release.xcconfig */ = {isa = PBXFileReference; includeInIndex = 1; lastKnownFileType = text.xcconfig; name = "Pods-HellowMyFriends.release.xcconfig"; path = "Target Support Files/Pods-HellowMyFriends/Pods-HellowMyFriends.release.xcconfig"; sourceTree = "<group>"; };
		5613D935B1DC19CA136EF5A3 /* Pods_HellowMyFriends.framework */ = {isa = PBXFileReference; explicitFileType = wrapper.framework; includeInIndex = 0; path = Pods_HellowMyFriends.framework; sourceTree = BUILT_PRODUCTS_DIR; };
		C6008FFF22C88CC900F93F8D /* HeartViewController.swift */ = {isa = PBXFileReference; lastKnownFileType = sourcecode.swift; path = HeartViewController.swift; sourceTree = "<group>"; };
		C608C2D622B4C71100C595E8 /* SIgnInViewController.swift */ = {isa = PBXFileReference; fileEncoding = 4; lastKnownFileType = sourcecode.swift; path = SIgnInViewController.swift; sourceTree = "<group>"; };
		C60A5BD8226FF2CE00299FC6 /* HomePageViewController.swift */ = {isa = PBXFileReference; lastKnownFileType = sourcecode.swift; path = HomePageViewController.swift; sourceTree = "<group>"; };
		C61E7D0022D1E41F00473FA6 /* OpenSegueAnimation.swift */ = {isa = PBXFileReference; lastKnownFileType = sourcecode.swift; path = OpenSegueAnimation.swift; sourceTree = "<group>"; };
		C64882BA22BBE4C900D0CB9E /* PostMessageViewController.swift */ = {isa = PBXFileReference; fileEncoding = 4; lastKnownFileType = sourcecode.swift; path = PostMessageViewController.swift; sourceTree = "<group>"; };
		C64882BE22BBE6A400D0CB9E /* ReisterViewController.swift */ = {isa = PBXFileReference; lastKnownFileType = sourcecode.swift; path = ReisterViewController.swift; sourceTree = "<group>"; };
		C64D914522BF9152002A7F2F /* CoreDataHelper.swift */ = {isa = PBXFileReference; fileEncoding = 4; lastKnownFileType = sourcecode.swift; path = CoreDataHelper.swift; sourceTree = "<group>"; };
		C64D914822BF918E002A7F2F /* DataModel.xcdatamodel */ = {isa = PBXFileReference; lastKnownFileType = wrapper.xcdatamodel; path = DataModel.xcdatamodel; sourceTree = "<group>"; };
		C65A131822B88F36002C2881 /* HomePage.storyboard */ = {isa = PBXFileReference; lastKnownFileType = file.storyboard; path = HomePage.storyboard; sourceTree = "<group>"; };
		C65A131F22B89514002C2881 /* CustomCellTableViewCell.swift */ = {isa = PBXFileReference; lastKnownFileType = sourcecode.swift; path = CustomCellTableViewCell.swift; sourceTree = "<group>"; };
		C65A132122B8AB9D002C2881 /* background 2.jpg */ = {isa = PBXFileReference; lastKnownFileType = image.jpeg; path = "background 2.jpg"; sourceTree = "<group>"; };
		C65EB18322B6458F0093AAC6 /* MessageViewController.swift */ = {isa = PBXFileReference; lastKnownFileType = sourcecode.swift; path = MessageViewController.swift; sourceTree = "<group>"; };
		C65EB18722B64F960093AAC6 /* MemberCenter.storyboard */ = {isa = PBXFileReference; lastKnownFileType = file.storyboard; path = MemberCenter.storyboard; sourceTree = "<group>"; };
		C65F50BE22C1E71F00CAB067 /* PhotoCollectionViewCell.swift */ = {isa = PBXFileReference; lastKnownFileType = sourcecode.swift; path = PhotoCollectionViewCell.swift; sourceTree = "<group>"; };
		C65F50C422C22B5200CAB067 /* GoogleService-Info.plist */ = {isa = PBXFileReference; fileEncoding = 4; lastKnownFileType = text.plist.xml; path = "GoogleService-Info.plist"; sourceTree = "<group>"; };
		C65F50C622C22DEE00CAB067 /* first.png */ = {isa = PBXFileReference; lastKnownFileType = image.png; path = first.png; sourceTree = "<group>"; };
		C65F50C822C22E2D00CAB067 /* register.png */ = {isa = PBXFileReference; lastKnownFileType = image.png; path = register.png; sourceTree = "<group>"; };
		C65F50CC22C22E8300CAB067 /* reset.png */ = {isa = PBXFileReference; lastKnownFileType = image.png; path = reset.png; sourceTree = "<group>"; };
		C65F510A22C5D26B00CAB067 /* EditPostViewController.swift */ = {isa = PBXFileReference; lastKnownFileType = sourcecode.swift; path = EditPostViewController.swift; sourceTree = "<group>"; };
		C676073222D05AEB00848AFF /* ViewController.swift */ = {isa = PBXFileReference; fileEncoding = 4; lastKnownFileType = sourcecode.swift; path = ViewController.swift; sourceTree = "<group>"; };
		C67AF9AB22ABAF44001E51E4 /* MemberViewController.swift */ = {isa = PBXFileReference; lastKnownFileType = sourcecode.swift; path = MemberViewController.swift; sourceTree = "<group>"; };
		C6A897FB22AF896F008C7BF5 /* member.png */ = {isa = PBXFileReference; lastKnownFileType = image.png; path = member.png; sourceTree = "<group>"; };
		C6A897FC22AF896F008C7BF5 /* background.jpg */ = {isa = PBXFileReference; lastKnownFileType = image.jpeg; path = background.jpg; sourceTree = "<group>"; };
		C6B0574B22BB5AA600D00761 /* Database.swift */ = {isa = PBXFileReference; lastKnownFileType = sourcecode.swift; name = Database.swift; path = HellowMyFriends/Database.swift; sourceTree = SOURCE_ROOT; };
		C6CF777A22CD1B03004FFE6C /* photoImage.png */ = {isa = PBXFileReference; lastKnownFileType = image.png; path = photoImage.png; sourceTree = "<group>"; };
		C6D3C39622CF2CF4008043A7 /* FullViewController.swift */ = {isa = PBXFileReference; lastKnownFileType = sourcecode.swift; path = FullViewController.swift; sourceTree = "<group>"; };
		C6EC218122B15A8E00D6C2C4 /* ResetPasswordViewController.swift */ = {isa = PBXFileReference; fileEncoding = 4; lastKnownFileType = sourcecode.swift; path = ResetPasswordViewController.swift; sourceTree = "<group>"; };
		C6EE2DFD22BF929700844D38 /* DataModel2.0.xcdatamodel */ = {isa = PBXFileReference; lastKnownFileType = wrapper.xcdatamodel; path = DataModel2.0.xcdatamodel; sourceTree = "<group>"; };
		C6EE2DFE22BFB8F900844D38 /* PostViewController.swift */ = {isa = PBXFileReference; lastKnownFileType = sourcecode.swift; path = PostViewController.swift; sourceTree = "<group>"; };
		C6F3F486227C557400D4F246 /* function.swift */ = {isa = PBXFileReference; lastKnownFileType = sourcecode.swift; path = function.swift; sourceTree = "<group>"; };
		C6F65683226F14EF00706BEA /* HellowMyFriends.app */ = {isa = PBXFileReference; explicitFileType = wrapper.application; includeInIndex = 0; path = HellowMyFriends.app; sourceTree = BUILT_PRODUCTS_DIR; };
		C6F65686226F14EF00706BEA /* AppDelegate.swift */ = {isa = PBXFileReference; lastKnownFileType = sourcecode.swift; path = AppDelegate.swift; sourceTree = "<group>"; };
		C6F6568B226F14EF00706BEA /* Base */ = {isa = PBXFileReference; lastKnownFileType = file.storyboard; name = Base; path = Base.lproj/Main.storyboard; sourceTree = "<group>"; };
		C6F6568D226F14F000706BEA /* Assets.xcassets */ = {isa = PBXFileReference; lastKnownFileType = folder.assetcatalog; path = Assets.xcassets; sourceTree = "<group>"; };
		C6F65690226F14F000706BEA /* Base */ = {isa = PBXFileReference; lastKnownFileType = file.storyboard; name = Base; path = Base.lproj/LaunchScreen.storyboard; sourceTree = "<group>"; };
		C6F65692226F14F000706BEA /* Info.plist */ = {isa = PBXFileReference; lastKnownFileType = text.plist.xml; path = Info.plist; sourceTree = "<group>"; };
		DB1E6627FB83BE45DD9ABA46 /* Pods-HellowMyFriends.debug.xcconfig */ = {isa = PBXFileReference; includeInIndex = 1; lastKnownFileType = text.xcconfig; name = "Pods-HellowMyFriends.debug.xcconfig"; path = "Target Support Files/Pods-HellowMyFriends/Pods-HellowMyFriends.debug.xcconfig"; sourceTree = "<group>"; };
/* End PBXFileReference section */

/* Begin PBXFrameworksBuildPhase section */
		C6F65680226F14EF00706BEA /* Frameworks */ = {
			isa = PBXFrameworksBuildPhase;
			buildActionMask = 2147483647;
			files = (
				83FC2770D848D8521FD1FC92 /* Pods_HellowMyFriends.framework in Frameworks */,
			);
			runOnlyForDeploymentPostprocessing = 0;
		};
/* End PBXFrameworksBuildPhase section */

/* Begin PBXGroup section */
		4DBCBA8003F1C40B6175C21C /* Frameworks */ = {
			isa = PBXGroup;
			children = (
				5613D935B1DC19CA136EF5A3 /* Pods_HellowMyFriends.framework */,
			);
			name = Frameworks;
			sourceTree = "<group>";
		};
		C65EB18222B642B00093AAC6 /* HomePage */ = {
			isa = PBXGroup;
			children = (
				C65A131822B88F36002C2881 /* HomePage.storyboard */,
				C60A5BD8226FF2CE00299FC6 /* HomePageViewController.swift */,
				C6D3C39622CF2CF4008043A7 /* FullViewController.swift */,
				C6008FFF22C88CC900F93F8D /* HeartViewController.swift */,
				C65EB18322B6458F0093AAC6 /* MessageViewController.swift */,
				C6EE2DFE22BFB8F900844D38 /* PostViewController.swift */,
				C64882BA22BBE4C900D0CB9E /* PostMessageViewController.swift */,
				C65A131F22B89514002C2881 /* CustomCellTableViewCell.swift */,
			);
			path = HomePage;
			sourceTree = "<group>";
		};
		C67AF9AD22ABAF7B001E51E4 /* memberCenter */ = {
			isa = PBXGroup;
			children = (
				C65EB18722B64F960093AAC6 /* MemberCenter.storyboard */,
				C65F50BE22C1E71F00CAB067 /* PhotoCollectionViewCell.swift */,
				C64882BE22BBE6A400D0CB9E /* ReisterViewController.swift */,
				C61E7D0022D1E41F00473FA6 /* OpenSegueAnimation.swift */,
				C608C2D622B4C71100C595E8 /* SIgnInViewController.swift */,
				C67AF9AB22ABAF44001E51E4 /* MemberViewController.swift */,
				C65F510A22C5D26B00CAB067 /* EditPostViewController.swift */,
				C6EC218122B15A8E00D6C2C4 /* ResetPasswordViewController.swift */,
			);
			path = memberCenter;
			sourceTree = "<group>";
		};
		C6A897FA22AF896F008C7BF5 /* images */ = {
			isa = PBXGroup;
			children = (
				C6A897FB22AF896F008C7BF5 /* member.png */,
				C65F50C822C22E2D00CAB067 /* register.png */,
				C6CF777A22CD1B03004FFE6C /* photoImage.png */,
				C65F50C622C22DEE00CAB067 /* first.png */,
				C65F50CC22C22E8300CAB067 /* reset.png */,
				C6A897FC22AF896F008C7BF5 /* background.jpg */,
				C65A132122B8AB9D002C2881 /* background 2.jpg */,
			);
			path = images;
			sourceTree = "<group>";
		};
		C6F6567A226F14EF00706BEA = {
			isa = PBXGroup;
			children = (
				C6F65685226F14EF00706BEA /* HellowMyFriends */,
				C6F65684226F14EF00706BEA /* Products */,
				D81F961C61640CB60F6A925E /* Pods */,
				4DBCBA8003F1C40B6175C21C /* Frameworks */,
			);
			sourceTree = "<group>";
		};
		C6F65684226F14EF00706BEA /* Products */ = {
			isa = PBXGroup;
			children = (
				C6F65683226F14EF00706BEA /* HellowMyFriends.app */,
			);
			name = Products;
			sourceTree = "<group>";
		};
		C6F65685226F14EF00706BEA /* HellowMyFriends */ = {
			isa = PBXGroup;
			children = (
				C6F65686226F14EF00706BEA /* AppDelegate.swift */,
				C6F6568A226F14EF00706BEA /* Main.storyboard */,
				C6F3F486227C557400D4F246 /* function.swift */,
				C6B0574B22BB5AA600D00761 /* Database.swift */,
				C64D914522BF9152002A7F2F /* CoreDataHelper.swift */,
				C676073222D05AEB00848AFF /* ViewController.swift */,
				C64D914722BF918E002A7F2F /* DataModel.xcdatamodeld */,
				C65EB18222B642B00093AAC6 /* HomePage */,
				C67AF9AD22ABAF7B001E51E4 /* memberCenter */,
				C6F6568D226F14F000706BEA /* Assets.xcassets */,
				C6F6568F226F14F000706BEA /* LaunchScreen.storyboard */,
				C65F50C422C22B5200CAB067 /* GoogleService-Info.plist */,
				C6F65692226F14F000706BEA /* Info.plist */,
				C6A897FA22AF896F008C7BF5 /* images */,
			);
			path = HellowMyFriends;
			sourceTree = "<group>";
		};
		D81F961C61640CB60F6A925E /* Pods */ = {
			isa = PBXGroup;
			children = (
				DB1E6627FB83BE45DD9ABA46 /* Pods-HellowMyFriends.debug.xcconfig */,
				38C315E62EB3F4D5A78B5532 /* Pods-HellowMyFriends.release.xcconfig */,
			);
			path = Pods;
			sourceTree = "<group>";
		};
/* End PBXGroup section */

/* Begin PBXNativeTarget section */
		C6F65682226F14EF00706BEA /* HellowMyFriends */ = {
			isa = PBXNativeTarget;
			buildConfigurationList = C6F65695226F14F000706BEA /* Build configuration list for PBXNativeTarget "HellowMyFriends" */;
			buildPhases = (
				CDD4BCAF2777D2FFC177CC1C /* [CP] Check Pods Manifest.lock */,
				C6F6567F226F14EF00706BEA /* Sources */,
				C6F65680226F14EF00706BEA /* Frameworks */,
				C6F65681226F14EF00706BEA /* Resources */,
				9E78C0D2DFE58E4409603685 /* [CP] Embed Pods Frameworks */,
			);
			buildRules = (
			);
			dependencies = (
			);
			name = HellowMyFriends;
			productName = HellowMyFriends;
			productReference = C6F65683226F14EF00706BEA /* HellowMyFriends.app */;
			productType = "com.apple.product-type.application";
		};
/* End PBXNativeTarget section */

/* Begin PBXProject section */
		C6F6567B226F14EF00706BEA /* Project object */ = {
			isa = PBXProject;
			attributes = {
				LastSwiftUpdateCheck = 1020;
				LastUpgradeCheck = 1020;
				ORGANIZATIONNAME = Appcoda;
				TargetAttributes = {
					C6F65682226F14EF00706BEA = {
						CreatedOnToolsVersion = 10.2.1;
					};
				};
			};
			buildConfigurationList = C6F6567E226F14EF00706BEA /* Build configuration list for PBXProject "HellowMyFriends" */;
			compatibilityVersion = "Xcode 9.3";
			developmentRegion = en;
			hasScannedForEncodings = 0;
			knownRegions = (
				en,
				Base,
			);
			mainGroup = C6F6567A226F14EF00706BEA;
			productRefGroup = C6F65684226F14EF00706BEA /* Products */;
			projectDirPath = "";
			projectRoot = "";
			targets = (
				C6F65682226F14EF00706BEA /* HellowMyFriends */,
			);
		};
/* End PBXProject section */

/* Begin PBXResourcesBuildPhase section */
		C6F65681226F14EF00706BEA /* Resources */ = {
			isa = PBXResourcesBuildPhase;
			buildActionMask = 2147483647;
			files = (
				C65F50C522C22B5200CAB067 /* GoogleService-Info.plist in Resources */,
				C6A897FD22AF8970008C7BF5 /* member.png in Resources */,
				C65F50CD22C22E8400CAB067 /* reset.png in Resources */,
				C6F65691226F14F000706BEA /* LaunchScreen.storyboard in Resources */,
				C65A132222B8AB9D002C2881 /* background 2.jpg in Resources */,
				C6A897FE22AF8970008C7BF5 /* background.jpg in Resources */,
				C65F50C922C22E2D00CAB067 /* register.png in Resources */,
				C6F6568E226F14F000706BEA /* Assets.xcassets in Resources */,
				C6F6568C226F14EF00706BEA /* Main.storyboard in Resources */,
				C65EB18822B64F960093AAC6 /* MemberCenter.storyboard in Resources */,
				C6CF777B22CD1B04004FFE6C /* photoImage.png in Resources */,
				C65F50C722C22DEE00CAB067 /* first.png in Resources */,
				C65A131922B88F36002C2881 /* HomePage.storyboard in Resources */,
			);
			runOnlyForDeploymentPostprocessing = 0;
		};
/* End PBXResourcesBuildPhase section */

/* Begin PBXShellScriptBuildPhase section */
		9E78C0D2DFE58E4409603685 /* [CP] Embed Pods Frameworks */ = {
			isa = PBXShellScriptBuildPhase;
			buildActionMask = 2147483647;
			files = (
			);
			inputFileListPaths = (
			);
			inputPaths = (
				"${PODS_ROOT}/Target Support Files/Pods-HellowMyFriends/Pods-HellowMyFriends-frameworks.sh",
				"${BUILT_PRODUCTS_DIR}/Cache/Cache.framework",
				"${BUILT_PRODUCTS_DIR}/GTMSessionFetcher/GTMSessionFetcher.framework",
				"${BUILT_PRODUCTS_DIR}/GoogleUtilities/GoogleUtilities.framework",
				"${BUILT_PRODUCTS_DIR}/IQKeyboardManagerSwift/IQKeyboardManagerSwift.framework",
				"${BUILT_PRODUCTS_DIR}/ImagePicker/ImagePicker.framework",
				"${BUILT_PRODUCTS_DIR}/Imaginary/Imaginary.framework",
				"${BUILT_PRODUCTS_DIR}/Lightbox/Lightbox.framework",
				"${BUILT_PRODUCTS_DIR}/PageMenu/PageMenu.framework",
				"${BUILT_PRODUCTS_DIR}/leveldb-library/leveldb.framework",
				"${BUILT_PRODUCTS_DIR}/nanopb/nanopb.framework",
			);
			name = "[CP] Embed Pods Frameworks";
			outputFileListPaths = (
			);
			outputPaths = (
				"${TARGET_BUILD_DIR}/${FRAMEWORKS_FOLDER_PATH}/Cache.framework",
				"${TARGET_BUILD_DIR}/${FRAMEWORKS_FOLDER_PATH}/GTMSessionFetcher.framework",
				"${TARGET_BUILD_DIR}/${FRAMEWORKS_FOLDER_PATH}/GoogleUtilities.framework",
				"${TARGET_BUILD_DIR}/${FRAMEWORKS_FOLDER_PATH}/IQKeyboardManagerSwift.framework",
				"${TARGET_BUILD_DIR}/${FRAMEWORKS_FOLDER_PATH}/ImagePicker.framework",
				"${TARGET_BUILD_DIR}/${FRAMEWORKS_FOLDER_PATH}/Imaginary.framework",
				"${TARGET_BUILD_DIR}/${FRAMEWORKS_FOLDER_PATH}/Lightbox.framework",
				"${TARGET_BUILD_DIR}/${FRAMEWORKS_FOLDER_PATH}/PageMenu.framework",
				"${TARGET_BUILD_DIR}/${FRAMEWORKS_FOLDER_PATH}/leveldb.framework",
				"${TARGET_BUILD_DIR}/${FRAMEWORKS_FOLDER_PATH}/nanopb.framework",
			);
			runOnlyForDeploymentPostprocessing = 0;
			shellPath = /bin/sh;
			shellScript = "\"${PODS_ROOT}/Target Support Files/Pods-HellowMyFriends/Pods-HellowMyFriends-frameworks.sh\"\n";
			showEnvVarsInLog = 0;
		};
		CDD4BCAF2777D2FFC177CC1C /* [CP] Check Pods Manifest.lock */ = {
			isa = PBXShellScriptBuildPhase;
			buildActionMask = 2147483647;
			files = (
			);
			inputFileListPaths = (
			);
			inputPaths = (
				"${PODS_PODFILE_DIR_PATH}/Podfile.lock",
				"${PODS_ROOT}/Manifest.lock",
			);
			name = "[CP] Check Pods Manifest.lock";
			outputFileListPaths = (
			);
			outputPaths = (
				"$(DERIVED_FILE_DIR)/Pods-HellowMyFriends-checkManifestLockResult.txt",
			);
			runOnlyForDeploymentPostprocessing = 0;
			shellPath = /bin/sh;
			shellScript = "diff \"${PODS_PODFILE_DIR_PATH}/Podfile.lock\" \"${PODS_ROOT}/Manifest.lock\" > /dev/null\nif [ $? != 0 ] ; then\n    # print error to STDERR\n    echo \"error: The sandbox is not in sync with the Podfile.lock. Run 'pod install' or update your CocoaPods installation.\" >&2\n    exit 1\nfi\n# This output is used by Xcode 'outputs' to avoid re-running this script phase.\necho \"SUCCESS\" > \"${SCRIPT_OUTPUT_FILE_0}\"\n";
			showEnvVarsInLog = 0;
		};
/* End PBXShellScriptBuildPhase section */

/* Begin PBXSourcesBuildPhase section */
		C6F6567F226F14EF00706BEA /* Sources */ = {
			isa = PBXSourcesBuildPhase;
			buildActionMask = 2147483647;
			files = (
				C65EB18422B6458F0093AAC6 /* MessageViewController.swift in Sources */,
				C64882BF22BBE6A500D0CB9E /* ReisterViewController.swift in Sources */,
				C65A132022B89514002C2881 /* CustomCellTableViewCell.swift in Sources */,
				C65F50BF22C1E71F00CAB067 /* PhotoCollectionViewCell.swift in Sources */,
				C6EC218222B15A8E00D6C2C4 /* ResetPasswordViewController.swift in Sources */,
				C600900022C88CC900F93F8D /* HeartViewController.swift in Sources */,
				C6D3C39722CF2CF4008043A7 /* FullViewController.swift in Sources */,
				C608C2D722B4C71100C595E8 /* SIgnInViewController.swift in Sources */,
				C64D914922BF918E002A7F2F /* DataModel.xcdatamodeld in Sources */,
				C67AF9AC22ABAF44001E51E4 /* MemberViewController.swift in Sources */,
				C6EE2DFF22BFB8F900844D38 /* PostViewController.swift in Sources */,
				C60A5BD9226FF2CE00299FC6 /* HomePageViewController.swift in Sources */,
				C6F65687226F14EF00706BEA /* AppDelegate.swift in Sources */,
				C64882BB22BBE4C900D0CB9E /* PostMessageViewController.swift in Sources */,
				C61E7D0122D1E41F00473FA6 /* OpenSegueAnimation.swift in Sources */,
				C64D914622BF9152002A7F2F /* CoreDataHelper.swift in Sources */,
				C6B0574C22BB5AA600D00761 /* Database.swift in Sources */,
				C676073322D05AEC00848AFF /* ViewController.swift in Sources */,
				C65F510B22C5D26C00CAB067 /* EditPostViewController.swift in Sources */,
				C6F3F487227C557400D4F246 /* function.swift in Sources */,
			);
			runOnlyForDeploymentPostprocessing = 0;
		};
/* End PBXSourcesBuildPhase section */

/* Begin PBXVariantGroup section */
		C6F6568A226F14EF00706BEA /* Main.storyboard */ = {
			isa = PBXVariantGroup;
			children = (
				C6F6568B226F14EF00706BEA /* Base */,
			);
			name = Main.storyboard;
			sourceTree = "<group>";
		};
		C6F6568F226F14F000706BEA /* LaunchScreen.storyboard */ = {
			isa = PBXVariantGroup;
			children = (
				C6F65690226F14F000706BEA /* Base */,
			);
			name = LaunchScreen.storyboard;
			sourceTree = "<group>";
		};
/* End PBXVariantGroup section */

/* Begin XCBuildConfiguration section */
		C6F65693226F14F000706BEA /* Debug */ = {
			isa = XCBuildConfiguration;
			buildSettings = {
				ALWAYS_SEARCH_USER_PATHS = NO;
				CLANG_ANALYZER_NONNULL = YES;
				CLANG_ANALYZER_NUMBER_OBJECT_CONVERSION = YES_AGGRESSIVE;
				CLANG_CXX_LANGUAGE_STANDARD = "gnu++14";
				CLANG_CXX_LIBRARY = "libc++";
				CLANG_ENABLE_MODULES = YES;
				CLANG_ENABLE_OBJC_ARC = YES;
				CLANG_ENABLE_OBJC_WEAK = YES;
				CLANG_WARN_BLOCK_CAPTURE_AUTORELEASING = YES;
				CLANG_WARN_BOOL_CONVERSION = YES;
				CLANG_WARN_COMMA = YES;
				CLANG_WARN_CONSTANT_CONVERSION = YES;
				CLANG_WARN_DEPRECATED_OBJC_IMPLEMENTATIONS = YES;
				CLANG_WARN_DIRECT_OBJC_ISA_USAGE = YES_ERROR;
				CLANG_WARN_DOCUMENTATION_COMMENTS = YES;
				CLANG_WARN_EMPTY_BODY = YES;
				CLANG_WARN_ENUM_CONVERSION = YES;
				CLANG_WARN_INFINITE_RECURSION = YES;
				CLANG_WARN_INT_CONVERSION = YES;
				CLANG_WARN_NON_LITERAL_NULL_CONVERSION = YES;
				CLANG_WARN_OBJC_IMPLICIT_RETAIN_SELF = YES;
				CLANG_WARN_OBJC_LITERAL_CONVERSION = YES;
				CLANG_WARN_OBJC_ROOT_CLASS = YES_ERROR;
				CLANG_WARN_RANGE_LOOP_ANALYSIS = YES;
				CLANG_WARN_STRICT_PROTOTYPES = YES;
				CLANG_WARN_SUSPICIOUS_MOVE = YES;
				CLANG_WARN_UNGUARDED_AVAILABILITY = YES_AGGRESSIVE;
				CLANG_WARN_UNREACHABLE_CODE = YES;
				CLANG_WARN__DUPLICATE_METHOD_MATCH = YES;
				CODE_SIGN_IDENTITY = "iPhone Developer";
				COPY_PHASE_STRIP = NO;
				DEBUG_INFORMATION_FORMAT = dwarf;
				ENABLE_STRICT_OBJC_MSGSEND = YES;
				ENABLE_TESTABILITY = YES;
				GCC_C_LANGUAGE_STANDARD = gnu11;
				GCC_DYNAMIC_NO_PIC = NO;
				GCC_NO_COMMON_BLOCKS = YES;
				GCC_OPTIMIZATION_LEVEL = 0;
				GCC_PREPROCESSOR_DEFINITIONS = (
					"DEBUG=1",
					"$(inherited)",
				);
				GCC_WARN_64_TO_32_BIT_CONVERSION = YES;
				GCC_WARN_ABOUT_RETURN_TYPE = YES_ERROR;
				GCC_WARN_UNDECLARED_SELECTOR = YES;
				GCC_WARN_UNINITIALIZED_AUTOS = YES_AGGRESSIVE;
				GCC_WARN_UNUSED_FUNCTION = YES;
				GCC_WARN_UNUSED_VARIABLE = YES;
				IPHONEOS_DEPLOYMENT_TARGET = 12.2;
				MTL_ENABLE_DEBUG_INFO = INCLUDE_SOURCE;
				MTL_FAST_MATH = YES;
				ONLY_ACTIVE_ARCH = YES;
				SDKROOT = iphoneos;
				SWIFT_ACTIVE_COMPILATION_CONDITIONS = DEBUG;
				SWIFT_OPTIMIZATION_LEVEL = "-Onone";
			};
			name = Debug;
		};
		C6F65694226F14F000706BEA /* Release */ = {
			isa = XCBuildConfiguration;
			buildSettings = {
				ALWAYS_SEARCH_USER_PATHS = NO;
				CLANG_ANALYZER_NONNULL = YES;
				CLANG_ANALYZER_NUMBER_OBJECT_CONVERSION = YES_AGGRESSIVE;
				CLANG_CXX_LANGUAGE_STANDARD = "gnu++14";
				CLANG_CXX_LIBRARY = "libc++";
				CLANG_ENABLE_MODULES = YES;
				CLANG_ENABLE_OBJC_ARC = YES;
				CLANG_ENABLE_OBJC_WEAK = YES;
				CLANG_WARN_BLOCK_CAPTURE_AUTORELEASING = YES;
				CLANG_WARN_BOOL_CONVERSION = YES;
				CLANG_WARN_COMMA = YES;
				CLANG_WARN_CONSTANT_CONVERSION = YES;
				CLANG_WARN_DEPRECATED_OBJC_IMPLEMENTATIONS = YES;
				CLANG_WARN_DIRECT_OBJC_ISA_USAGE = YES_ERROR;
				CLANG_WARN_DOCUMENTATION_COMMENTS = YES;
				CLANG_WARN_EMPTY_BODY = YES;
				CLANG_WARN_ENUM_CONVERSION = YES;
				CLANG_WARN_INFINITE_RECURSION = YES;
				CLANG_WARN_INT_CONVERSION = YES;
				CLANG_WARN_NON_LITERAL_NULL_CONVERSION = YES;
				CLANG_WARN_OBJC_IMPLICIT_RETAIN_SELF = YES;
				CLANG_WARN_OBJC_LITERAL_CONVERSION = YES;
				CLANG_WARN_OBJC_ROOT_CLASS = YES_ERROR;
				CLANG_WARN_RANGE_LOOP_ANALYSIS = YES;
				CLANG_WARN_STRICT_PROTOTYPES = YES;
				CLANG_WARN_SUSPICIOUS_MOVE = YES;
				CLANG_WARN_UNGUARDED_AVAILABILITY = YES_AGGRESSIVE;
				CLANG_WARN_UNREACHABLE_CODE = YES;
				CLANG_WARN__DUPLICATE_METHOD_MATCH = YES;
				CODE_SIGN_IDENTITY = "iPhone Developer";
				COPY_PHASE_STRIP = NO;
				DEBUG_INFORMATION_FORMAT = "dwarf-with-dsym";
				ENABLE_NS_ASSERTIONS = NO;
				ENABLE_STRICT_OBJC_MSGSEND = YES;
				GCC_C_LANGUAGE_STANDARD = gnu11;
				GCC_NO_COMMON_BLOCKS = YES;
				GCC_WARN_64_TO_32_BIT_CONVERSION = YES;
				GCC_WARN_ABOUT_RETURN_TYPE = YES_ERROR;
				GCC_WARN_UNDECLARED_SELECTOR = YES;
				GCC_WARN_UNINITIALIZED_AUTOS = YES_AGGRESSIVE;
				GCC_WARN_UNUSED_FUNCTION = YES;
				GCC_WARN_UNUSED_VARIABLE = YES;
				IPHONEOS_DEPLOYMENT_TARGET = 12.2;
				MTL_ENABLE_DEBUG_INFO = NO;
				MTL_FAST_MATH = YES;
				SDKROOT = iphoneos;
				SWIFT_COMPILATION_MODE = wholemodule;
				SWIFT_OPTIMIZATION_LEVEL = "-O";
				VALIDATE_PRODUCT = YES;
			};
			name = Release;
		};
		C6F65696226F14F000706BEA /* Debug */ = {
			isa = XCBuildConfiguration;
			baseConfigurationReference = DB1E6627FB83BE45DD9ABA46 /* Pods-HellowMyFriends.debug.xcconfig */;
			buildSettings = {
				ASSETCATALOG_COMPILER_APPICON_NAME = AppIcon;
				CODE_SIGN_STYLE = Automatic;
				DEVELOPMENT_TEAM = F935NPNPXP;
				INFOPLIST_FILE = HellowMyFriends/Info.plist;
				LD_RUNPATH_SEARCH_PATHS = (
					"$(inherited)",
					"@executable_path/Frameworks",
				);
				PRODUCT_BUNDLE_IDENTIFIER = com.www.HellowMyFriends1;
				PRODUCT_NAME = "$(TARGET_NAME)";
				SWIFT_VERSION = 5.0;
				TARGETED_DEVICE_FAMILY = 1;
			};
			name = Debug;
		};
		C6F65697226F14F000706BEA /* Release */ = {
			isa = XCBuildConfiguration;
			baseConfigurationReference = 38C315E62EB3F4D5A78B5532 /* Pods-HellowMyFriends.release.xcconfig */;
			buildSettings = {
				ASSETCATALOG_COMPILER_APPICON_NAME = AppIcon;
				CODE_SIGN_STYLE = Automatic;
				DEVELOPMENT_TEAM = F935NPNPXP;
				INFOPLIST_FILE = HellowMyFriends/Info.plist;
				LD_RUNPATH_SEARCH_PATHS = (
					"$(inherited)",
					"@executable_path/Frameworks",
				);
				PRODUCT_BUNDLE_IDENTIFIER = com.www.HellowMyFriends1;
				PRODUCT_NAME = "$(TARGET_NAME)";
				SWIFT_VERSION = 5.0;
				TARGETED_DEVICE_FAMILY = 1;
			};
			name = Release;
		};
/* End XCBuildConfiguration section */

/* Begin XCConfigurationList section */
		C6F6567E226F14EF00706BEA /* Build configuration list for PBXProject "HellowMyFriends" */ = {
			isa = XCConfigurationList;
			buildConfigurations = (
				C6F65693226F14F000706BEA /* Debug */,
				C6F65694226F14F000706BEA /* Release */,
			);
			defaultConfigurationIsVisible = 0;
			defaultConfigurationName = Release;
		};
		C6F65695226F14F000706BEA /* Build configuration list for PBXNativeTarget "HellowMyFriends" */ = {
			isa = XCConfigurationList;
			buildConfigurations = (
				C6F65696226F14F000706BEA /* Debug */,
				C6F65697226F14F000706BEA /* Release */,
			);
			defaultConfigurationIsVisible = 0;
			defaultConfigurationName = Release;
		};
/* End XCConfigurationList section */

/* Begin XCVersionGroup section */
		C64D914722BF918E002A7F2F /* DataModel.xcdatamodeld */ = {
			isa = XCVersionGroup;
			children = (
				C6EE2DFD22BF929700844D38 /* DataModel2.0.xcdatamodel */,
				C64D914822BF918E002A7F2F /* DataModel.xcdatamodel */,
			);
			currentVersion = C6EE2DFD22BF929700844D38 /* DataModel2.0.xcdatamodel */;
			path = DataModel.xcdatamodeld;
			sourceTree = "<group>";
			versionGroupType = wrapper.xcdatamodel;
		};
/* End XCVersionGroup section */
	};
	rootObject = C6F6567B226F14EF00706BEA /* Project object */;
}
